GEM
  remote: https://rubygems.org/
  specs:
    mini_portile2 (2.8.9)
    nio4r (2.7.4)
    puma (7.1.0)
      nio4r (~> 2.0)
    rack (3.2.3)
    sqlite3 (1.7.3)
      mini_portile2 (~> 2.8.0)

PLATFORMS
  ruby
  x86_64-linux

DEPENDENCIES
  puma (~> 7.1)
  rack (~> 3.2)
  sqlite3 (~> 1.7)

BUNDLED WITH
   2.7.1
